// !$*UTF8*$!
{
	archiveVersion = 1;
	classes = {
	};
	objectVersion = 55;
	objects = {

/* Begin PBXBuildFile section */
		546751682836D80700D13E89 /* UI_Example_Helpers.swift in Sources */ = {isa = PBXBuildFile; fileRef = 546751672836D80700D13E89 /* UI_Example_Helpers.swift */; };
		546751732836FACC00D13E89 /* Translations.strings in Resources */ = {isa = PBXBuildFile; fileRef = 546751752836FACC00D13E89 /* Translations.strings */; };
		5489ED162836CE620085BCD0 /* AppDelegate.swift in Sources */ = {isa = PBXBuildFile; fileRef = 5489ED152836CE620085BCD0 /* AppDelegate.swift */; };
		5489ED182836CE620085BCD0 /* SceneDelegate.swift in Sources */ = {isa = PBXBuildFile; fileRef = 5489ED172836CE620085BCD0 /* SceneDelegate.swift */; };
		5489ED1A2836CE620085BCD0 /* ViewController.swift in Sources */ = {isa = PBXBuildFile; fileRef = 5489ED192836CE620085BCD0 /* ViewController.swift */; };
		5489ED1D2836CE630085BCD0 /* Main.storyboard in Resources */ = {isa = PBXBuildFile; fileRef = 5489ED1B2836CE630085BCD0 /* Main.storyboard */; };
		5489ED1F2836CE640085BCD0 /* Assets.xcassets in Resources */ = {isa = PBXBuildFile; fileRef = 5489ED1E2836CE640085BCD0 /* Assets.xcassets */; };
		5489ED222836CE640085BCD0 /* LaunchScreen.storyboard in Resources */ = {isa = PBXBuildFile; fileRef = 5489ED202836CE640085BCD0 /* LaunchScreen.storyboard */; };
		5489ED2D2836CE640085BCD0 /* URLSessionHTTPClientTests.swift in Sources */ = {isa = PBXBuildFile; fileRef = 5489ED2C2836CE640085BCD0 /* URLSessionHTTPClientTests.swift */; };
		5489ED482836D1600085BCD0 /* LocalizationTests.swift in Sources */ = {isa = PBXBuildFile; fileRef = 5489ED472836D1600085BCD0 /* LocalizationTests.swift */; };
		5489ED4A2836D1C00085BCD0 /* MemoryLeakTests.swift in Sources */ = {isa = PBXBuildFile; fileRef = 5489ED492836D1C00085BCD0 /* MemoryLeakTests.swift */; };
		5489ED4C2836D2420085BCD0 /* SomeClass.swift in Sources */ = {isa = PBXBuildFile; fileRef = 5489ED4B2836D2420085BCD0 /* SomeClass.swift */; };
/* End PBXBuildFile section */

/* Begin PBXContainerItemProxy section */
		5489ED292836CE640085BCD0 /* PBXContainerItemProxy */ = {
			isa = PBXContainerItemProxy;
			containerPortal = 5489ED0A2836CE620085BCD0 /* Project object */;
			proxyType = 1;
			remoteGlobalIDString = 5489ED112836CE620085BCD0;
			remoteInfo = "Test Helpers";
		};
/* End PBXContainerItemProxy section */

/* Begin PBXFileReference section */
		546751672836D80700D13E89 /* UI_Example_Helpers.swift */ = {isa = PBXFileReference; lastKnownFileType = sourcecode.swift; path = UI_Example_Helpers.swift; sourceTree = "<group>"; };
		546751742836FACC00D13E89 /* en */ = {isa = PBXFileReference; lastKnownFileType = text.plist.strings; name = en; path = en.lproj/Translations.strings; sourceTree = "<group>"; };
		546751762836FB6C00D13E89 /* es-419 */ = {isa = PBXFileReference; lastKnownFileType = text.plist.strings; name = "es-419"; path = "es-419.lproj/Translations.strings"; sourceTree = "<group>"; };
		5467517D2836FDE400D13E89 /* en */ = {isa = PBXFileReference; lastKnownFileType = file.storyboard; name = en; path = en.lproj/Main.storyboard; sourceTree = "<group>"; };
		5467517E2836FDE400D13E89 /* en */ = {isa = PBXFileReference; lastKnownFileType = file.storyboard; name = en; path = en.lproj/LaunchScreen.storyboard; sourceTree = "<group>"; };
		5489ED122836CE620085BCD0 /* Test Helpers.app */ = {isa = PBXFileReference; explicitFileType = wrapper.application; includeInIndex = 0; path = "Test Helpers.app"; sourceTree = BUILT_PRODUCTS_DIR; };
		5489ED152836CE620085BCD0 /* AppDelegate.swift */ = {isa = PBXFileReference; lastKnownFileType = sourcecode.swift; path = AppDelegate.swift; sourceTree = "<group>"; };
		5489ED172836CE620085BCD0 /* SceneDelegate.swift */ = {isa = PBXFileReference; lastKnownFileType = sourcecode.swift; path = SceneDelegate.swift; sourceTree = "<group>"; };
		5489ED192836CE620085BCD0 /* ViewController.swift */ = {isa = PBXFileReference; lastKnownFileType = sourcecode.swift; path = ViewController.swift; sourceTree = "<group>"; };
		5489ED1E2836CE640085BCD0 /* Assets.xcassets */ = {isa = PBXFileReference; lastKnownFileType = folder.assetcatalog; path = Assets.xcassets; sourceTree = "<group>"; };
		5489ED232836CE640085BCD0 /* Info.plist */ = {isa = PBXFileReference; lastKnownFileType = text.plist.xml; path = Info.plist; sourceTree = "<group>"; };
		5489ED282836CE640085BCD0 /* Test HelpersTests.xctest */ = {isa = PBXFileReference; explicitFileType = wrapper.cfbundle; includeInIndex = 0; path = "Test HelpersTests.xctest"; sourceTree = BUILT_PRODUCTS_DIR; };
		5489ED2C2836CE640085BCD0 /* URLSessionHTTPClientTests.swift */ = {isa = PBXFileReference; lastKnownFileType = sourcecode.swift; path = URLSessionHTTPClientTests.swift; sourceTree = "<group>"; };
		5489ED472836D1600085BCD0 /* LocalizationTests.swift */ = {isa = PBXFileReference; lastKnownFileType = sourcecode.swift; path = LocalizationTests.swift; sourceTree = "<group>"; };
		5489ED492836D1C00085BCD0 /* MemoryLeakTests.swift */ = {isa = PBXFileReference; lastKnownFileType = sourcecode.swift; path = MemoryLeakTests.swift; sourceTree = "<group>"; };
		5489ED4B2836D2420085BCD0 /* SomeClass.swift */ = {isa = PBXFileReference; lastKnownFileType = sourcecode.swift; path = SomeClass.swift; sourceTree = "<group>"; };
/* End PBXFileReference section */

/* Begin PBXFrameworksBuildPhase section */
		5489ED0F2836CE620085BCD0 /* Frameworks */ = {
			isa = PBXFrameworksBuildPhase;
			buildActionMask = 2147483647;
			files = (
			);
			runOnlyForDeploymentPostprocessing = 0;
		};
		5489ED252836CE640085BCD0 /* Frameworks */ = {
			isa = PBXFrameworksBuildPhase;
			buildActionMask = 2147483647;
			files = (
			);
			runOnlyForDeploymentPostprocessing = 0;
		};
/* End PBXFrameworksBuildPhase section */

/* Begin PBXGroup section */
		5489ED092836CE620085BCD0 = {
			isa = PBXGroup;
			children = (
				5489ED142836CE620085BCD0 /* Test Helpers */,
				5489ED2B2836CE640085BCD0 /* Test HelpersTests */,
				5489ED132836CE620085BCD0 /* Products */,
			);
			sourceTree = "<group>";
		};
		5489ED132836CE620085BCD0 /* Products */ = {
			isa = PBXGroup;
			children = (
				5489ED122836CE620085BCD0 /* Test Helpers.app */,
				5489ED282836CE640085BCD0 /* Test HelpersTests.xctest */,
			);
			name = Products;
			sourceTree = "<group>";
		};
		5489ED142836CE620085BCD0 /* Test Helpers */ = {
			isa = PBXGroup;
			children = (
				5489ED152836CE620085BCD0 /* AppDelegate.swift */,
				5489ED172836CE620085BCD0 /* SceneDelegate.swift */,
				5489ED192836CE620085BCD0 /* ViewController.swift */,
				5489ED4B2836D2420085BCD0 /* SomeClass.swift */,
				546751752836FACC00D13E89 /* Translations.strings */,
				5489ED1B2836CE630085BCD0 /* Main.storyboard */,
				5489ED1E2836CE640085BCD0 /* Assets.xcassets */,
				5489ED202836CE640085BCD0 /* LaunchScreen.storyboard */,
				5489ED232836CE640085BCD0 /* Info.plist */,
			);
			path = "Test Helpers";
			sourceTree = "<group>";
		};
		5489ED2B2836CE640085BCD0 /* Test HelpersTests */ = {
			isa = PBXGroup;
			children = (
				546751672836D80700D13E89 /* UI_Example_Helpers.swift */,
				5489ED492836D1C00085BCD0 /* MemoryLeakTests.swift */,
				5489ED472836D1600085BCD0 /* LocalizationTests.swift */,
				5489ED2C2836CE640085BCD0 /* URLSessionHTTPClientTests.swift */,
			);
			path = "Test HelpersTests";
			sourceTree = "<group>";
		};
/* End PBXGroup section */

/* Begin PBXNativeTarget section */
		5489ED112836CE620085BCD0 /* Test Helpers */ = {
			isa = PBXNativeTarget;
			buildConfigurationList = 5489ED3C2836CE650085BCD0 /* Build configuration list for PBXNativeTarget "Test Helpers" */;
			buildPhases = (
				5489ED0E2836CE620085BCD0 /* Sources */,
				5489ED0F2836CE620085BCD0 /* Frameworks */,
				5489ED102836CE620085BCD0 /* Resources */,
			);
			buildRules = (
			);
			dependencies = (
			);
			name = "Test Helpers";
			productName = "Test Helpers";
			productReference = 5489ED122836CE620085BCD0 /* Test Helpers.app */;
			productType = "com.apple.product-type.application";
		};
		5489ED272836CE640085BCD0 /* Test HelpersTests */ = {
			isa = PBXNativeTarget;
			buildConfigurationList = 5489ED3F2836CE650085BCD0 /* Build configuration list for PBXNativeTarget "Test HelpersTests" */;
			buildPhases = (
				5489ED242836CE640085BCD0 /* Sources */,
				5489ED252836CE640085BCD0 /* Frameworks */,
				5489ED262836CE640085BCD0 /* Resources */,
			);
			buildRules = (
			);
			dependencies = (
				5489ED2A2836CE640085BCD0 /* PBXTargetDependency */,
			);
			name = "Test HelpersTests";
			productName = "Test HelpersTests";
			productReference = 5489ED282836CE640085BCD0 /* Test HelpersTests.xctest */;
			productType = "com.apple.product-type.bundle.unit-test";
		};
/* End PBXNativeTarget section */

/* Begin PBXProject section */
		5489ED0A2836CE620085BCD0 /* Project object */ = {
			isa = PBXProject;
			attributes = {
				BuildIndependentTargetsInParallel = 1;
				LastSwiftUpdateCheck = 1330;
				LastUpgradeCheck = 1330;
				TargetAttributes = {
					5489ED112836CE620085BCD0 = {
						CreatedOnToolsVersion = 13.3;
					};
					5489ED272836CE640085BCD0 = {
						CreatedOnToolsVersion = 13.3;
						TestTargetID = 5489ED112836CE620085BCD0;
					};
				};
			};
			buildConfigurationList = 5489ED0D2836CE620085BCD0 /* Build configuration list for PBXProject "Test Helpers" */;
			compatibilityVersion = "Xcode 13.0";
			developmentRegion = en;
			hasScannedForEncodings = 0;
			knownRegions = (
				en,
				"es-419",
			);
			mainGroup = 5489ED092836CE620085BCD0;
			productRefGroup = 5489ED132836CE620085BCD0 /* Products */;
			projectDirPath = "";
			projectRoot = "";
			targets = (
				5489ED112836CE620085BCD0 /* Test Helpers */,
				5489ED272836CE640085BCD0 /* Test HelpersTests */,
			);
		};
/* End PBXProject section */

/* Begin PBXResourcesBuildPhase section */
		5489ED102836CE620085BCD0 /* Resources */ = {
			isa = PBXResourcesBuildPhase;
			buildActionMask = 2147483647;
			files = (
				5489ED222836CE640085BCD0 /* LaunchScreen.storyboard in Resources */,
				5489ED1F2836CE640085BCD0 /* Assets.xcassets in Resources */,
				546751732836FACC00D13E89 /* Translations.strings in Resources */,
				5489ED1D2836CE630085BCD0 /* Main.storyboard in Resources */,
			);
			runOnlyForDeploymentPostprocessing = 0;
		};
		5489ED262836CE640085BCD0 /* Resources */ = {
			isa = PBXResourcesBuildPhase;
			buildActionMask = 2147483647;
			files = (
			);
			runOnlyForDeploymentPostprocessing = 0;
		};
/* End PBXResourcesBuildPhase section */

/* Begin PBXSourcesBuildPhase section */
		5489ED0E2836CE620085BCD0 /* Sources */ = {
			isa = PBXSourcesBuildPhase;
			buildActionMask = 2147483647;
			files = (
				5489ED4C2836D2420085BCD0 /* SomeClass.swift in Sources */,
				5489ED1A2836CE620085BCD0 /* ViewController.swift in Sources */,
				5489ED162836CE620085BCD0 /* AppDelegate.swift in Sources */,
				5489ED182836CE620085BCD0 /* SceneDelegate.swift in Sources */,
			);
			runOnlyForDeploymentPostprocessing = 0;
		};
		5489ED242836CE640085BCD0 /* Sources */ = {
			isa = PBXSourcesBuildPhase;
			buildActionMask = 2147483647;
			files = (
				5489ED482836D1600085BCD0 /* LocalizationTests.swift in Sources */,
				5489ED2D2836CE640085BCD0 /* URLSessionHTTPClientTests.swift in Sources */,
				546751682836D80700D13E89 /* UI_Example_Helpers.swift in Sources */,
				5489ED4A2836D1C00085BCD0 /* MemoryLeakTests.swift in Sources */,
			);
			runOnlyForDeploymentPostprocessing = 0;
		};
/* End PBXSourcesBuildPhase section */

/* Begin PBXTargetDependency section */
		5489ED2A2836CE640085BCD0 /* PBXTargetDependency */ = {
			isa = PBXTargetDependency;
			target = 5489ED112836CE620085BCD0 /* Test Helpers */;
			targetProxy = 5489ED292836CE640085BCD0 /* PBXContainerItemProxy */;
		};
/* End PBXTargetDependency section */

/* Begin PBXVariantGroup section */
		546751752836FACC00D13E89 /* Translations.strings */ = {
			isa = PBXVariantGroup;
			children = (
				546751742836FACC00D13E89 /* en */,
				546751762836FB6C00D13E89 /* es-419 */,
			);
			name = Translations.strings;
			sourceTree = "<group>";
		};
		5489ED1B2836CE630085BCD0 /* Main.storyboard */ = {
			isa = PBXVariantGroup;
			children = (
				5467517D2836FDE400D13E89 /* en */,
			);
			name = Main.storyboard;
			sourceTree = "<group>";
		};
		5489ED202836CE640085BCD0 /* LaunchScreen.storyboard */ = {
			isa = PBXVariantGroup;
			children = (
				5467517E2836FDE400D13E89 /* en */,
			);
			name = LaunchScreen.storyboard;
			sourceTree = "<group>";
		};
/* End PBXVariantGroup section */

/* Begin XCBuildConfiguration section */
		5489ED3A2836CE650085BCD0 /* Debug */ = {
			isa = XCBuildConfiguration;
			buildSettings = {
				ALWAYS_SEARCH_USER_PATHS = NO;
				CLANG_ANALYZER_LOCALIZABILITY_NONLOCALIZED = YES;
				CLANG_ANALYZER_NONNULL = YES;
				CLANG_ANALYZER_NUMBER_OBJECT_CONVERSION = YES_AGGRESSIVE;
				CLANG_CXX_LANGUAGE_STANDARD = "gnu++17";
				CLANG_ENABLE_MODULES = YES;
				CLANG_ENABLE_OBJC_ARC = YES;
				CLANG_ENABLE_OBJC_WEAK = YES;
				CLANG_WARN_BLOCK_CAPTURE_AUTORELEASING = YES;
				CLANG_WARN_BOOL_CONVERSION = YES;
				CLANG_WARN_COMMA = YES;
				CLANG_WARN_CONSTANT_CONVERSION = YES;
				CLANG_WARN_DEPRECATED_OBJC_IMPLEMENTATIONS = YES;
				CLANG_WARN_DIRECT_OBJC_ISA_USAGE = YES_ERROR;
				CLANG_WARN_DOCUMENTATION_COMMENTS = YES;
				CLANG_WARN_EMPTY_BODY = YES;
				CLANG_WARN_ENUM_CONVERSION = YES;
				CLANG_WARN_INFINITE_RECURSION = YES;
				CLANG_WARN_INT_CONVERSION = YES;
				CLANG_WARN_NON_LITERAL_NULL_CONVERSION = YES;
				CLANG_WARN_OBJC_IMPLICIT_RETAIN_SELF = YES;
				CLANG_WARN_OBJC_LITERAL_CONVERSION = YES;
				CLANG_WARN_OBJC_ROOT_CLASS = YES_ERROR;
				CLANG_WARN_QUOTED_INCLUDE_IN_FRAMEWORK_HEADER = YES;
				CLANG_WARN_RANGE_LOOP_ANALYSIS = YES;
				CLANG_WARN_STRICT_PROTOTYPES = YES;
				CLANG_WARN_SUSPICIOUS_MOVE = YES;
				CLANG_WARN_UNGUARDED_AVAILABILITY = YES_AGGRESSIVE;
				CLANG_WARN_UNREACHABLE_CODE = YES;
				CLANG_WARN__DUPLICATE_METHOD_MATCH = YES;
				COPY_PHASE_STRIP = NO;
				DEBUG_INFORMATION_FORMAT = dwarf;
				ENABLE_STRICT_OBJC_MSGSEND = YES;
				ENABLE_TESTABILITY = YES;
				GCC_C_LANGUAGE_STANDARD = gnu11;
				GCC_DYNAMIC_NO_PIC = NO;
				GCC_NO_COMMON_BLOCKS = YES;
				GCC_OPTIMIZATION_LEVEL = 0;
				GCC_PREPROCESSOR_DEFINITIONS = (
					"DEBUG=1",
					"$(inherited)",
				);
				GCC_WARN_64_TO_32_BIT_CONVERSION = YES;
				GCC_WARN_ABOUT_RETURN_TYPE = YES_ERROR;
				GCC_WARN_UNDECLARED_SELECTOR = YES;
				GCC_WARN_UNINITIALIZED_AUTOS = YES_AGGRESSIVE;
				GCC_WARN_UNUSED_FUNCTION = YES;
				GCC_WARN_UNUSED_VARIABLE = YES;
				IPHONEOS_DEPLOYMENT_TARGET = 15.4;
				MTL_ENABLE_DEBUG_INFO = INCLUDE_SOURCE;
				MTL_FAST_MATH = YES;
				ONLY_ACTIVE_ARCH = YES;
				SDKROOT = iphoneos;
				SWIFT_ACTIVE_COMPILATION_CONDITIONS = DEBUG;
				SWIFT_OPTIMIZATION_LEVEL = "-Onone";
			};
			name = Debug;
		};
		5489ED3B2836CE650085BCD0 /* Release */ = {
			isa = XCBuildConfiguration;
			buildSettings = {
				ALWAYS_SEARCH_USER_PATHS = NO;
				CLANG_ANALYZER_LOCALIZABILITY_NONLOCALIZED = YES;
				CLANG_ANALYZER_NONNULL = YES;
				CLANG_ANALYZER_NUMBER_OBJECT_CONVERSION = YES_AGGRESSIVE;
				CLANG_CXX_LANGUAGE_STANDARD = "gnu++17";
				CLANG_ENABLE_MODULES = YES;
				CLANG_ENABLE_OBJC_ARC = YES;
				CLANG_ENABLE_OBJC_WEAK = YES;
				CLANG_WARN_BLOCK_CAPTURE_AUTORELEASING = YES;
				CLANG_WARN_BOOL_CONVERSION = YES;
				CLANG_WARN_COMMA = YES;
				CLANG_WARN_CONSTANT_CONVERSION = YES;
				CLANG_WARN_DEPRECATED_OBJC_IMPLEMENTATIONS = YES;
				CLANG_WARN_DIRECT_OBJC_ISA_USAGE = YES_ERROR;
				CLANG_WARN_DOCUMENTATION_COMMENTS = YES;
				CLANG_WARN_EMPTY_BODY = YES;
				CLANG_WARN_ENUM_CONVERSION = YES;
				CLANG_WARN_INFINITE_RECURSION = YES;
				CLANG_WARN_INT_CONVERSION = YES;
				CLANG_WARN_NON_LITERAL_NULL_CONVERSION = YES;
				CLANG_WARN_OBJC_IMPLICIT_RETAIN_SELF = YES;
				CLANG_WARN_OBJC_LITERAL_CONVERSION = YES;
				CLANG_WARN_OBJC_ROOT_CLASS = YES_ERROR;
				CLANG_WARN_QUOTED_INCLUDE_IN_FRAMEWORK_HEADER = YES;
				CLANG_WARN_RANGE_LOOP_ANALYSIS = YES;
				CLANG_WARN_STRICT_PROTOTYPES = YES;
				CLANG_WARN_SUSPICIOUS_MOVE = YES;
				CLANG_WARN_UNGUARDED_AVAILABILITY = YES_AGGRESSIVE;
				CLANG_WARN_UNREACHABLE_CODE = YES;
				CLANG_WARN__DUPLICATE_METHOD_MATCH = YES;
				COPY_PHASE_STRIP = NO;
				DEBUG_INFORMATION_FORMAT = "dwarf-with-dsym";
				ENABLE_NS_ASSERTIONS = NO;
				ENABLE_STRICT_OBJC_MSGSEND = YES;
				GCC_C_LANGUAGE_STANDARD = gnu11;
				GCC_NO_COMMON_BLOCKS = YES;
				GCC_WARN_64_TO_32_BIT_CONVERSION = YES;
				GCC_WARN_ABOUT_RETURN_TYPE = YES_ERROR;
				GCC_WARN_UNDECLARED_SELECTOR = YES;
				GCC_WARN_UNINITIALIZED_AUTOS = YES_AGGRESSIVE;
				GCC_WARN_UNUSED_FUNCTION = YES;
				GCC_WARN_UNUSED_VARIABLE = YES;
				IPHONEOS_DEPLOYMENT_TARGET = 15.4;
				MTL_ENABLE_DEBUG_INFO = NO;
				MTL_FAST_MATH = YES;
				SDKROOT = iphoneos;
				SWIFT_COMPILATION_MODE = wholemodule;
				SWIFT_OPTIMIZATION_LEVEL = "-O";
				VALIDATE_PRODUCT = YES;
			};
			name = Release;
		};
		5489ED3D2836CE650085BCD0 /* Debug */ = {
			isa = XCBuildConfiguration;
			buildSettings = {
				ASSETCATALOG_COMPILER_APPICON_NAME = AppIcon;
				ASSETCATALOG_COMPILER_GLOBAL_ACCENT_COLOR_NAME = AccentColor;
				CODE_SIGN_STYLE = Automatic;
				CURRENT_PROJECT_VERSION = 1;
				DEVELOPMENT_TEAM = EC5T79LVT6;
				GENERATE_INFOPLIST_FILE = YES;
				INFOPLIST_FILE = "Test Helpers/Info.plist";
				INFOPLIST_KEY_UIApplicationSupportsIndirectInputEvents = YES;
				INFOPLIST_KEY_UILaunchStoryboardName = LaunchScreen;
				INFOPLIST_KEY_UIMainStoryboardFile = Main;
				INFOPLIST_KEY_UISupportedInterfaceOrientations_iPad = "UIInterfaceOrientationPortrait UIInterfaceOrientationPortraitUpsideDown UIInterfaceOrientationLandscapeLeft UIInterfaceOrientationLandscapeRight";
				INFOPLIST_KEY_UISupportedInterfaceOrientations_iPhone = "UIInterfaceOrientationPortrait UIInterfaceOrientationLandscapeLeft UIInterfaceOrientationLandscapeRight";
				LD_RUNPATH_SEARCH_PATHS = (
					"$(inherited)",
					"@executable_path/Frameworks",
				);
				MARKETING_VERSION = 1.0;
				PRODUCT_BUNDLE_IDENTIFIER = "dev.turbolaser.Test-Helpers";
				PRODUCT_NAME = "$(TARGET_NAME)";
				SWIFT_EMIT_LOC_STRINGS = YES;
				SWIFT_VERSION = 5.0;
				TARGETED_DEVICE_FAMILY = "1,2";
			};
			name = Debug;
		};
		5489ED3E2836CE650085BCD0 /* Release */ = {
			isa = XCBuildConfiguration;
			buildSettings = {
				ASSETCATALOG_COMPILER_APPICON_NAME = AppIcon;
				ASSETCATALOG_COMPILER_GLOBAL_ACCENT_COLOR_NAME = AccentColor;
				CODE_SIGN_STYLE = Automatic;
				CURRENT_PROJECT_VERSION = 1;
				DEVELOPMENT_TEAM = EC5T79LVT6;
				GENERATE_INFOPLIST_FILE = YES;
				INFOPLIST_FILE = "Test Helpers/Info.plist";
				INFOPLIST_KEY_UIApplicationSupportsIndirectInputEvents = YES;
				INFOPLIST_KEY_UILaunchStoryboardName = LaunchScreen;
				INFOPLIST_KEY_UIMainStoryboardFile = Main;
				INFOPLIST_KEY_UISupportedInterfaceOrientations_iPad = "UIInterfaceOrientationPortrait UIInterfaceOrientationPortraitUpsideDown UIInterfaceOrientationLandscapeLeft UIInterfaceOrientationLandscapeRight";
				INFOPLIST_KEY_UISupportedInterfaceOrientations_iPhone = "UIInterfaceOrientationPortrait UIInterfaceOrientationLandscapeLeft UIInterfaceOrientationLandscapeRight";
				LD_RUNPATH_SEARCH_PATHS = (
					"$(inherited)",
					"@executable_path/Frameworks",
				);
				MARKETING_VERSION = 1.0;
				PRODUCT_BUNDLE_IDENTIFIER = "dev.turbolaser.Test-Helpers";
				PRODUCT_NAME = "$(TARGET_NAME)";
				SWIFT_EMIT_LOC_STRINGS = YES;
				SWIFT_VERSION = 5.0;
				TARGETED_DEVICE_FAMILY = "1,2";
			};
			name = Release;
		};
		5489ED402836CE650085BCD0 /* Debug */ = {
			isa = XCBuildConfiguration;
			buildSettings = {
				ALWAYS_EMBED_SWIFT_STANDARD_LIBRARIES = YES;
				BUNDLE_LOADER = "$(TEST_HOST)";
				CODE_SIGN_STYLE = Automatic;
				CURRENT_PROJECT_VERSION = 1;
				DEVELOPMENT_TEAM = EC5T79LVT6;
				GENERATE_INFOPLIST_FILE = YES;
				IPHONEOS_DEPLOYMENT_TARGET = 15.4;
				MARKETING_VERSION = 1.0;
				PRODUCT_BUNDLE_IDENTIFIER = "dev.turbolaser.Test-HelpersTests";
				PRODUCT_NAME = "$(TARGET_NAME)";
				SWIFT_EMIT_LOC_STRINGS = NO;
				SWIFT_VERSION = 5.0;
				TARGETED_DEVICE_FAMILY = "1,2";
				TEST_HOST = "$(BUILT_PRODUCTS_DIR)/Test Helpers.app/Test Helpers";
			};
			name = Debug;
		};
		5489ED412836CE650085BCD0 /* Release */ = {
			isa = XCBuildConfiguration;
			buildSettings = {
				ALWAYS_EMBED_SWIFT_STANDARD_LIBRARIES = YES;
				BUNDLE_LOADER = "$(TEST_HOST)";
				CODE_SIGN_STYLE = Automatic;
				CURRENT_PROJECT_VERSION = 1;
				DEVELOPMENT_TEAM = EC5T79LVT6;
				GENERATE_INFOPLIST_FILE = YES;
				IPHONEOS_DEPLOYMENT_TARGET = 15.4;
				MARKETING_VERSION = 1.0;
				PRODUCT_BUNDLE_IDENTIFIER = "dev.turbolaser.Test-HelpersTests";
				PRODUCT_NAME = "$(TARGET_NAME)";
				SWIFT_EMIT_LOC_STRINGS = NO;
				SWIFT_VERSION = 5.0;
				TARGETED_DEVICE_FAMILY = "1,2";
				TEST_HOST = "$(BUILT_PRODUCTS_DIR)/Test Helpers.app/Test Helpers";
			};
			name = Release;
		};
/* End XCBuildConfiguration section */

/* Begin XCConfigurationList section */
		5489ED0D2836CE620085BCD0 /* Build configuration list for PBXProject "Test Helpers" */ = {
			isa = XCConfigurationList;
			buildConfigurations = (
				5489ED3A2836CE650085BCD0 /* Debug */,
				5489ED3B2836CE650085BCD0 /* Release */,
			);
			defaultConfigurationIsVisible = 0;
			defaultConfigurationName = Release;
		};
		5489ED3C2836CE650085BCD0 /* Build configuration list for PBXNativeTarget "Test Helpers" */ = {
			isa = XCConfigurationList;
			buildConfigurations = (
				5489ED3D2836CE650085BCD0 /* Debug */,
				5489ED3E2836CE650085BCD0 /* Release */,
			);
			defaultConfigurationIsVisible = 0;
			defaultConfigurationName = Release;
		};
		5489ED3F2836CE650085BCD0 /* Build configuration list for PBXNativeTarget "Test HelpersTests" */ = {
			isa = XCConfigurationList;
			buildConfigurations = (
				5489ED402836CE650085BCD0 /* Debug */,
				5489ED412836CE650085BCD0 /* Release */,
			);
			defaultConfigurationIsVisible = 0;
			defaultConfigurationName = Release;
		};
/* End XCConfigurationList section */
	};
	rootObject = 5489ED0A2836CE620085BCD0 /* Project object */;
}
